
Microsoft Visual Studio Solution File, Format Version 12.00
# Visual Studio Version 16
VisualStudioVersion = 16.0.31624.102
MinimumVisualStudioVersion = 10.0.40219.1
Project("{9A19103F-16F7-4668-BE54-9A1E7A4F7556}") = "1.1", "1.1\1.1.csproj", "{8E722D74-479B-45A5-B333-8BB21E4B97B4}"
EndProject
Project("{9A19103F-16F7-4668-BE54-9A1E7A4F7556}") = "1.2", "1.2\1.2.csproj", "{7FAD76D5-2A14-41B7-BB90-641F3BD9D2D0}"
EndProject
Project("{9A19103F-16F7-4668-BE54-9A1E7A4F7556}") = "1.3", "1.3\1.3.csproj", "{9A90B2A8-37A9-4DB4-AFD9-A01EA62BF311}"
EndProject
Project("{9A19103F-16F7-4668-BE54-9A1E7A4F7556}") = "2.1", "2.1\2.1.csproj", "{11412059-083F-4864-A849-746CDA0A3034}"
EndProject
Project("{9A19103F-16F7-4668-BE54-9A1E7A4F7556}") = "2.2", "2.2\2.2.csproj", "{B8B8653E-6BD3-406C-B161-D97C895EE48E}"
EndProject
Project("{9A19103F-16F7-4668-BE54-9A1E7A4F7556}") = "2.3", "2.3\2.3.csproj", "{09A84193-7826-43E5-B531-05D6F039690F}"
EndProject
Global
	GlobalSection(SolutionConfigurationPlatforms) = preSolution
		Debug|Any CPU = Debug|Any CPU
		Release|Any CPU = Release|Any CPU
	EndGlobalSection
	GlobalSection(ProjectConfigurationPlatforms) = postSolution
		{8E722D74-479B-45A5-B333-8BB21E4B97B4}.Debug|Any CPU.ActiveCfg = Debug|Any CPU
		{8E722D74-479B-45A5-B333-8BB21E4B97B4}.Debug|Any CPU.Build.0 = Debug|Any CPU
		{8E722D74-479B-45A5-B333-8BB21E4B97B4}.Release|Any CPU.ActiveCfg = Release|Any CPU
		{8E722D74-479B-45A5-B333-8BB21E4B97B4}.Release|Any CPU.Build.0 = Release|Any CPU
		{7FAD76D5-2A14-41B7-BB90-641F3BD9D2D0}.Debug|Any CPU.ActiveCfg = Debug|Any CPU
		{7FAD76D5-2A14-41B7-BB90-641F3BD9D2D0}.Debug|Any CPU.Build.0 = Debug|Any CPU
		{7FAD76D5-2A14-41B7-BB90-641F3BD9D2D0}.Release|Any CPU.ActiveCfg = Release|Any CPU
		{7FAD76D5-2A14-41B7-BB90-641F3BD9D2D0}.Release|Any CPU.Build.0 = Release|Any CPU
		{9A90B2A8-37A9-4DB4-AFD9-A01EA62BF311}.Debug|Any CPU.ActiveCfg = Debug|Any CPU
		{9A90B2A8-37A9-4DB4-AFD9-A01EA62BF311}.Debug|Any CPU.Build.0 = Debug|Any CPU
		{9A90B2A8-37A9-4DB4-AFD9-A01EA62BF311}.Release|Any CPU.ActiveCfg = Release|Any CPU
		{9A90B2A8-37A9-4DB4-AFD9-A01EA62BF311}.Release|Any CPU.Build.0 = Release|Any CPU
		{11412059-083F-4864-A849-746CDA0A3034}.Debug|Any CPU.ActiveCfg = Debug|Any CPU
		{11412059-083F-4864-A849-746CDA0A3034}.Debug|Any CPU.Build.0 = Debug|Any CPU
		{11412059-083F-4864-A849-746CDA0A3034}.Release|Any CPU.ActiveCfg = Release|Any CPU
		{11412059-083F-4864-A849-746CDA0A3034}.Release|Any CPU.Build.0 = Release|Any CPU
		{B8B8653E-6BD3-406C-B161-D97C895EE48E}.Debug|Any CPU.ActiveCfg = Debug|Any CPU
		{B8B8653E-6BD3-406C-B161-D97C895EE48E}.Debug|Any CPU.Build.0 = Debug|Any CPU
		{B8B8653E-6BD3-406C-B161-D97C895EE48E}.Release|Any CPU.ActiveCfg = Release|Any CPU
		{B8B8653E-6BD3-406C-B161-D97C895EE48E}.Release|Any CPU.Build.0 = Release|Any CPU
		{09A84193-7826-43E5-B531-05D6F039690F}.Debug|Any CPU.ActiveCfg = Debug|Any CPU
		{09A84193-7826-43E5-B531-05D6F039690F}.Debug|Any CPU.Build.0 = Debug|Any CPU
		{09A84193-7826-43E5-B531-05D6F039690F}.Release|Any CPU.ActiveCfg = Release|Any CPU
		{09A84193-7826-43E5-B531-05D6F039690F}.Release|Any CPU.Build.0 = Release|Any CPU
	EndGlobalSection
	GlobalSection(SolutionProperties) = preSolution
		HideSolutionNode = FALSE
	EndGlobalSection
	GlobalSection(ExtensibilityGlobals) = postSolution
		SolutionGuid = {02E4D883-6728-42DB-A05D-75929C4BA9AA}
	EndGlobalSection
EndGlobal
