
Microsoft Visual Studio Solution File, Format Version 12.00
# Visual Studio Version 16
VisualStudioVersion = 16.0.31624.102
MinimumVisualStudioVersion = 10.0.40219.1
Project("{FAE04EC0-301F-11D3-BF4B-00C04F79EFBC}") = "FinancialIndicatorsAnalizer", "FinancialIndicatorsAnalizer\FinancialIndicatorsAnalizer.csproj", "{CFB11281-1640-4142-BEF7-DBCCB5A4F253}"
EndProject
Global
	GlobalSection(SolutionConfigurationPlatforms) = preSolution
		Debug|Any CPU = Debug|Any CPU
		Release|Any CPU = Release|Any CPU
	EndGlobalSection
	GlobalSection(ProjectConfigurationPlatforms) = postSolution
		{CFB11281-1640-4142-BEF7-DBCCB5A4F253}.Debug|Any CPU.ActiveCfg = Debug|Any CPU
		{CFB11281-1640-4142-BEF7-DBCCB5A4F253}.Debug|Any CPU.Build.0 = Debug|Any CPU
		{CFB11281-1640-4142-BEF7-DBCCB5A4F253}.Release|Any CPU.ActiveCfg = Release|Any CPU
		{CFB11281-1640-4142-BEF7-DBCCB5A4F253}.Release|Any CPU.Build.0 = Release|Any CPU
	EndGlobalSection
	GlobalSection(SolutionProperties) = preSolution
		HideSolutionNode = FALSE
	EndGlobalSection
	GlobalSection(ExtensibilityGlobals) = postSolution
		SolutionGuid = {5B80B806-C5A2-4C3F-9AB4-6ADB1307935E}
	EndGlobalSection
EndGlobal
